# @generated by Move, please check-in and do not edit manually.

[move]
version = 3
manifest_digest = "ED4736C7274B176AD64F8BE674B10CBD4AD43C6549C7270EF09820318BBF230C"
deps_digest = "F8BBB0CCB2491CA29A3DF03D6F92277A4F3574266507ACD77214D37ECA3F3082"
dependencies = [
  { id = "Sui", name = "Sui" },
]

[[move.package]]
id = "MoveStdlib"
source = { git = "https://github.com/MystenLabs/sui.git", rev = "framework/mainnet", subdir = "crates/sui-framework/packages/move-stdlib" }

[[move.package]]
id = "Sui"
source = { git = "https://github.com/MystenLabs/sui.git", rev = "framework/mainnet", subdir = "crates/sui-framework/packages/sui-framework" }

dependencies = [
  { id = "MoveStdlib", name = "MoveStdlib" },
]

[move.toolchain-version]
compiler-version = "1.53.0"
edition = "2024.beta"
flavor = "sui"

[env]

[env.devnet]
chain-id = "8a9713ba"
original-published-id = "0x23ba9ff20a878ddc57cee0df5d471d31e72513670d07b4561ab29c2f1adef597"
latest-published-id = "0x23ba9ff20a878ddc57cee0df5d471d31e72513670d07b4561ab29c2f1adef597"
published-version = "1"

[env.testnet]
chain-id = "4c78adac"
original-published-id = "0xd02169b249fefd7dc89c8cd3ad2666ef085163cb99fae199a0f08d795712af9f"
latest-published-id = "0xd02169b249fefd7dc89c8cd3ad2666ef085163cb99fae199a0f08d795712af9f"
published-version = "1"
